
Microsoft Visual Studio Solution File, Format Version 12.00
Project("{FAE04EC0-301F-11D3-BF4B-00C04F79EFBC}") = "Api", "Api\Api.csproj", "{A5E888EE-72E0-4397-BC8B-12335696577F}"
EndProject
Global
	GlobalSection(SolutionConfigurationPlatforms) = preSolution
		Debug|Any CPU = Debug|Any CPU
		Release|Any CPU = Release|Any CPU
	EndGlobalSection
	GlobalSection(ProjectConfigurationPlatforms) = postSolution
		{A5E888EE-72E0-4397-BC8B-12335696577F}.Debug|Any CPU.ActiveCfg = Debug|Any CPU
		{A5E888EE-72E0-4397-BC8B-12335696577F}.Debug|Any CPU.Build.0 = Debug|Any CPU
		{A5E888EE-72E0-4397-BC8B-12335696577F}.Release|Any CPU.ActiveCfg = Release|Any CPU
		{A5E888EE-72E0-4397-BC8B-12335696577F}.Release|Any CPU.Build.0 = Release|Any CPU
	EndGlobalSection
EndGlobal
